
Microsoft Visual Studio Solution File, Format Version 12.00
# Visual Studio 2012
Project("{FAE04EC0-301F-11D3-BF4B-00C04F79EFBC}") = "SensorResearch.Web", "SensorResearch.Web\SensorResearch.Web.csproj", "{8B8E2AAD-F8C1-47EC-B3B3-6EA8698F00C9}"
EndProject
Project("{FAE04EC0-301F-11D3-BF4B-00C04F79EFBC}") = "SensorResearch.Domain", "SensorResearch.Domain\SensorResearch.Domain.csproj", "{8CC170F0-DD72-4A30-9268-C1D11442BF22}"
EndProject
Global
	GlobalSection(SolutionConfigurationPlatforms) = preSolution
		Debug|Any CPU = Debug|Any CPU
		Release|Any CPU = Release|Any CPU
	EndGlobalSection
	GlobalSection(ProjectConfigurationPlatforms) = postSolution
		{8B8E2AAD-F8C1-47EC-B3B3-6EA8698F00C9}.Debug|Any CPU.ActiveCfg = Debug|Any CPU
		{8B8E2AAD-F8C1-47EC-B3B3-6EA8698F00C9}.Debug|Any CPU.Build.0 = Debug|Any CPU
		{8B8E2AAD-F8C1-47EC-B3B3-6EA8698F00C9}.Release|Any CPU.ActiveCfg = Release|Any CPU
		{8B8E2AAD-F8C1-47EC-B3B3-6EA8698F00C9}.Release|Any CPU.Build.0 = Release|Any CPU
		{8CC170F0-DD72-4A30-9268-C1D11442BF22}.Debug|Any CPU.ActiveCfg = Debug|Any CPU
		{8CC170F0-DD72-4A30-9268-C1D11442BF22}.Debug|Any CPU.Build.0 = Debug|Any CPU
		{8CC170F0-DD72-4A30-9268-C1D11442BF22}.Release|Any CPU.ActiveCfg = Release|Any CPU
		{8CC170F0-DD72-4A30-9268-C1D11442BF22}.Release|Any CPU.Build.0 = Release|Any CPU
	EndGlobalSection
	GlobalSection(SolutionProperties) = preSolution
		HideSolutionNode = FALSE
	EndGlobalSection
EndGlobal
